// !$*UTF8*$!
{
	archiveVersion = 1;
	classes = {
	};
	objectVersion = 56;
	objects = {

/* Begin PBXBuildFile section */
		B755ED3C2B52899D00499F3F /* AppDelegate.swift in Sources */ = {isa = PBXBuildFile; fileRef = B755ED3B2B52899D00499F3F /* AppDelegate.swift */; };
		B755ED3E2B52899D00499F3F /* SceneDelegate.swift in Sources */ = {isa = PBXBuildFile; fileRef = B755ED3D2B52899D00499F3F /* SceneDelegate.swift */; };
		B755ED402B52899D00499F3F /* MainVC.swift in Sources */ = {isa = PBXBuildFile; fileRef = B755ED3F2B52899D00499F3F /* MainVC.swift */; };
		B755ED432B52899D00499F3F /* MainVC.storyboard in Resources */ = {isa = PBXBuildFile; fileRef = B755ED412B52899D00499F3F /* MainVC.storyboard */; };
		B755ED452B52899F00499F3F /* Assets.xcassets in Resources */ = {isa = PBXBuildFile; fileRef = B755ED442B52899F00499F3F /* Assets.xcassets */; };
		B755ED482B52899F00499F3F /* LaunchScreen.storyboard in Resources */ = {isa = PBXBuildFile; fileRef = B755ED462B52899F00499F3F /* LaunchScreen.storyboard */; };
		B755ED532B52899F00499F3F /* TodoAppWithRestApiTests.swift in Sources */ = {isa = PBXBuildFile; fileRef = B755ED522B52899F00499F3F /* TodoAppWithRestApiTests.swift */; };
		B755ED5D2B52899F00499F3F /* TodoAppWithRestApiUITests.swift in Sources */ = {isa = PBXBuildFile; fileRef = B755ED5C2B52899F00499F3F /* TodoAppWithRestApiUITests.swift */; };
		B755ED5F2B52899F00499F3F /* TodoAppWithRestApiUITestsLaunchTests.swift in Sources */ = {isa = PBXBuildFile; fileRef = B755ED5E2B52899F00499F3F /* TodoAppWithRestApiUITestsLaunchTests.swift */; };
		B755ED6C2B52924600499F3F /* TodoCell.xib in Resources */ = {isa = PBXBuildFile; fileRef = B755ED6B2B52924600499F3F /* TodoCell.xib */; };
		B755ED6E2B52967900499F3F /* TodoCell.swift in Sources */ = {isa = PBXBuildFile; fileRef = B755ED6D2B52967900499F3F /* TodoCell.swift */; };
		B755ED712B52D89900499F3F /* TodosAPI.swift in Sources */ = {isa = PBXBuildFile; fileRef = B755ED702B52D89900499F3F /* TodosAPI.swift */; };
		B755ED732B52DC7200499F3F /* TodosVM.swift in Sources */ = {isa = PBXBuildFile; fileRef = B755ED722B52DC7200499F3F /* TodosVM.swift */; };
		B755ED762B53E52E00499F3F /* TodosResponse.swift in Sources */ = {isa = PBXBuildFile; fileRef = B755ED752B53E52E00499F3F /* TodosResponse.swift */; };
		B755ED792B558BC900499F3F /* URL+Ext.swift in Sources */ = {isa = PBXBuildFile; fileRef = B755ED782B558BC900499F3F /* URL+Ext.swift */; };
		B7AA07112B565C27000EBE86 /* MultipartForm in Frameworks */ = {isa = PBXBuildFile; productRef = B7AA07102B565C27000EBE86 /* MultipartForm */; };
		B7AA07132B56BA0D000EBE86 /* URLRequest+Ext.swift in Sources */ = {isa = PBXBuildFile; fileRef = B7AA07122B56BA0D000EBE86 /* URLRequest+Ext.swift */; };
/* End PBXBuildFile section */

/* Begin PBXContainerItemProxy section */
		B755ED4F2B52899F00499F3F /* PBXContainerItemProxy */ = {
			isa = PBXContainerItemProxy;
			containerPortal = B755ED302B52899D00499F3F /* Project object */;
			proxyType = 1;
			remoteGlobalIDString = B755ED372B52899D00499F3F;
			remoteInfo = TodoAppWithRestApi;
		};
		B755ED592B52899F00499F3F /* PBXContainerItemProxy */ = {
			isa = PBXContainerItemProxy;
			containerPortal = B755ED302B52899D00499F3F /* Project object */;
			proxyType = 1;
			remoteGlobalIDString = B755ED372B52899D00499F3F;
			remoteInfo = TodoAppWithRestApi;
		};
/* End PBXContainerItemProxy section */

/* Begin PBXFileReference section */
		B755ED382B52899D00499F3F /* TodoAppWithRestApi.app */ = {isa = PBXFileReference; explicitFileType = wrapper.application; includeInIndex = 0; path = TodoAppWithRestApi.app; sourceTree = BUILT_PRODUCTS_DIR; };
		B755ED3B2B52899D00499F3F /* AppDelegate.swift */ = {isa = PBXFileReference; lastKnownFileType = sourcecode.swift; path = AppDelegate.swift; sourceTree = "<group>"; };
		B755ED3D2B52899D00499F3F /* SceneDelegate.swift */ = {isa = PBXFileReference; lastKnownFileType = sourcecode.swift; path = SceneDelegate.swift; sourceTree = "<group>"; };
		B755ED3F2B52899D00499F3F /* MainVC.swift */ = {isa = PBXFileReference; lastKnownFileType = sourcecode.swift; path = MainVC.swift; sourceTree = "<group>"; };
		B755ED422B52899D00499F3F /* Base */ = {isa = PBXFileReference; lastKnownFileType = file.storyboard; name = Base; path = Base.lproj/MainVC.storyboard; sourceTree = "<group>"; };
		B755ED442B52899F00499F3F /* Assets.xcassets */ = {isa = PBXFileReference; lastKnownFileType = folder.assetcatalog; path = Assets.xcassets; sourceTree = "<group>"; };
		B755ED472B52899F00499F3F /* Base */ = {isa = PBXFileReference; lastKnownFileType = file.storyboard; name = Base; path = Base.lproj/LaunchScreen.storyboard; sourceTree = "<group>"; };
		B755ED492B52899F00499F3F /* Info.plist */ = {isa = PBXFileReference; lastKnownFileType = text.plist.xml; path = Info.plist; sourceTree = "<group>"; };
		B755ED4E2B52899F00499F3F /* TodoAppWithRestApiTests.xctest */ = {isa = PBXFileReference; explicitFileType = wrapper.cfbundle; includeInIndex = 0; path = TodoAppWithRestApiTests.xctest; sourceTree = BUILT_PRODUCTS_DIR; };
		B755ED522B52899F00499F3F /* TodoAppWithRestApiTests.swift */ = {isa = PBXFileReference; lastKnownFileType = sourcecode.swift; path = TodoAppWithRestApiTests.swift; sourceTree = "<group>"; };
		B755ED582B52899F00499F3F /* TodoAppWithRestApiUITests.xctest */ = {isa = PBXFileReference; explicitFileType = wrapper.cfbundle; includeInIndex = 0; path = TodoAppWithRestApiUITests.xctest; sourceTree = BUILT_PRODUCTS_DIR; };
		B755ED5C2B52899F00499F3F /* TodoAppWithRestApiUITests.swift */ = {isa = PBXFileReference; lastKnownFileType = sourcecode.swift; path = TodoAppWithRestApiUITests.swift; sourceTree = "<group>"; };
		B755ED5E2B52899F00499F3F /* TodoAppWithRestApiUITestsLaunchTests.swift */ = {isa = PBXFileReference; lastKnownFileType = sourcecode.swift; path = TodoAppWithRestApiUITestsLaunchTests.swift; sourceTree = "<group>"; };
		B755ED6B2B52924600499F3F /* TodoCell.xib */ = {isa = PBXFileReference; lastKnownFileType = file.xib; path = TodoCell.xib; sourceTree = "<group>"; };
		B755ED6D2B52967900499F3F /* TodoCell.swift */ = {isa = PBXFileReference; lastKnownFileType = sourcecode.swift; path = TodoCell.swift; sourceTree = "<group>"; };
		B755ED702B52D89900499F3F /* TodosAPI.swift */ = {isa = PBXFileReference; lastKnownFileType = sourcecode.swift; path = TodosAPI.swift; sourceTree = "<group>"; };
		B755ED722B52DC7200499F3F /* TodosVM.swift */ = {isa = PBXFileReference; lastKnownFileType = sourcecode.swift; path = TodosVM.swift; sourceTree = "<group>"; };
		B755ED752B53E52E00499F3F /* TodosResponse.swift */ = {isa = PBXFileReference; lastKnownFileType = sourcecode.swift; path = TodosResponse.swift; sourceTree = "<group>"; };
		B755ED782B558BC900499F3F /* URL+Ext.swift */ = {isa = PBXFileReference; lastKnownFileType = sourcecode.swift; path = "URL+Ext.swift"; sourceTree = "<group>"; };
		B7AA07122B56BA0D000EBE86 /* URLRequest+Ext.swift */ = {isa = PBXFileReference; lastKnownFileType = sourcecode.swift; path = "URLRequest+Ext.swift"; sourceTree = "<group>"; };
/* End PBXFileReference section */

/* Begin PBXFrameworksBuildPhase section */
		B755ED352B52899D00499F3F /* Frameworks */ = {
			isa = PBXFrameworksBuildPhase;
			buildActionMask = 2147483647;
			files = (
				B7AA07112B565C27000EBE86 /* MultipartForm in Frameworks */,
			);
			runOnlyForDeploymentPostprocessing = 0;
		};
		B755ED4B2B52899F00499F3F /* Frameworks */ = {
			isa = PBXFrameworksBuildPhase;
			buildActionMask = 2147483647;
			files = (
			);
			runOnlyForDeploymentPostprocessing = 0;
		};
		B755ED552B52899F00499F3F /* Frameworks */ = {
			isa = PBXFrameworksBuildPhase;
			buildActionMask = 2147483647;
			files = (
			);
			runOnlyForDeploymentPostprocessing = 0;
		};
/* End PBXFrameworksBuildPhase section */

/* Begin PBXGroup section */
		B755ED2F2B52899D00499F3F = {
			isa = PBXGroup;
			children = (
				B755ED3A2B52899D00499F3F /* TodoAppWithRestApi */,
				B755ED512B52899F00499F3F /* TodoAppWithRestApiTests */,
				B755ED5B2B52899F00499F3F /* TodoAppWithRestApiUITests */,
				B755ED392B52899D00499F3F /* Products */,
			);
			sourceTree = "<group>";
		};
		B755ED392B52899D00499F3F /* Products */ = {
			isa = PBXGroup;
			children = (
				B755ED382B52899D00499F3F /* TodoAppWithRestApi.app */,
				B755ED4E2B52899F00499F3F /* TodoAppWithRestApiTests.xctest */,
				B755ED582B52899F00499F3F /* TodoAppWithRestApiUITests.xctest */,
			);
			name = Products;
			sourceTree = "<group>";
		};
		B755ED3A2B52899D00499F3F /* TodoAppWithRestApi */ = {
			isa = PBXGroup;
			children = (
				B755ED772B558BB600499F3F /* Extensions */,
				B755ED742B53E51800499F3F /* Data */,
				B755ED722B52DC7200499F3F /* TodosVM.swift */,
				B755ED6F2B52D88500499F3F /* API */,
				B755ED3B2B52899D00499F3F /* AppDelegate.swift */,
				B755ED3D2B52899D00499F3F /* SceneDelegate.swift */,
				B755ED3F2B52899D00499F3F /* MainVC.swift */,
				B755ED412B52899D00499F3F /* MainVC.storyboard */,
				B755ED442B52899F00499F3F /* Assets.xcassets */,
				B755ED462B52899F00499F3F /* LaunchScreen.storyboard */,
				B755ED492B52899F00499F3F /* Info.plist */,
				B755ED6B2B52924600499F3F /* TodoCell.xib */,
				B755ED6D2B52967900499F3F /* TodoCell.swift */,
			);
			path = TodoAppWithRestApi;
			sourceTree = "<group>";
		};
		B755ED512B52899F00499F3F /* TodoAppWithRestApiTests */ = {
			isa = PBXGroup;
			children = (
				B755ED522B52899F00499F3F /* TodoAppWithRestApiTests.swift */,
			);
			path = TodoAppWithRestApiTests;
			sourceTree = "<group>";
		};
		B755ED5B2B52899F00499F3F /* TodoAppWithRestApiUITests */ = {
			isa = PBXGroup;
			children = (
				B755ED5C2B52899F00499F3F /* TodoAppWithRestApiUITests.swift */,
				B755ED5E2B52899F00499F3F /* TodoAppWithRestApiUITestsLaunchTests.swift */,
			);
			path = TodoAppWithRestApiUITests;
			sourceTree = "<group>";
		};
		B755ED6F2B52D88500499F3F /* API */ = {
			isa = PBXGroup;
			children = (
				B755ED702B52D89900499F3F /* TodosAPI.swift */,
			);
			path = API;
			sourceTree = "<group>";
		};
		B755ED742B53E51800499F3F /* Data */ = {
			isa = PBXGroup;
			children = (
				B755ED752B53E52E00499F3F /* TodosResponse.swift */,
			);
			path = Data;
			sourceTree = "<group>";
		};
		B755ED772B558BB600499F3F /* Extensions */ = {
			isa = PBXGroup;
			children = (
				B755ED782B558BC900499F3F /* URL+Ext.swift */,
				B7AA07122B56BA0D000EBE86 /* URLRequest+Ext.swift */,
			);
			path = Extensions;
			sourceTree = "<group>";
		};
/* End PBXGroup section */

/* Begin PBXNativeTarget section */
		B755ED372B52899D00499F3F /* TodoAppWithRestApi */ = {
			isa = PBXNativeTarget;
			buildConfigurationList = B755ED622B52899F00499F3F /* Build configuration list for PBXNativeTarget "TodoAppWithRestApi" */;
			buildPhases = (
				B755ED342B52899D00499F3F /* Sources */,
				B755ED352B52899D00499F3F /* Frameworks */,
				B755ED362B52899D00499F3F /* Resources */,
			);
			buildRules = (
			);
			dependencies = (
			);
			name = TodoAppWithRestApi;
			packageProductDependencies = (
				B7AA07102B565C27000EBE86 /* MultipartForm */,
			);
			productName = TodoAppWithRestApi;
			productReference = B755ED382B52899D00499F3F /* TodoAppWithRestApi.app */;
			productType = "com.apple.product-type.application";
		};
		B755ED4D2B52899F00499F3F /* TodoAppWithRestApiTests */ = {
			isa = PBXNativeTarget;
			buildConfigurationList = B755ED652B52899F00499F3F /* Build configuration list for PBXNativeTarget "TodoAppWithRestApiTests" */;
			buildPhases = (
				B755ED4A2B52899F00499F3F /* Sources */,
				B755ED4B2B52899F00499F3F /* Frameworks */,
				B755ED4C2B52899F00499F3F /* Resources */,
			);
			buildRules = (
			);
			dependencies = (
				B755ED502B52899F00499F3F /* PBXTargetDependency */,
			);
			name = TodoAppWithRestApiTests;
			productName = TodoAppWithRestApiTests;
			productReference = B755ED4E2B52899F00499F3F /* TodoAppWithRestApiTests.xctest */;
			productType = "com.apple.product-type.bundle.unit-test";
		};
		B755ED572B52899F00499F3F /* TodoAppWithRestApiUITests */ = {
			isa = PBXNativeTarget;
			buildConfigurationList = B755ED682B52899F00499F3F /* Build configuration list for PBXNativeTarget "TodoAppWithRestApiUITests" */;
			buildPhases = (
				B755ED542B52899F00499F3F /* Sources */,
				B755ED552B52899F00499F3F /* Frameworks */,
				B755ED562B52899F00499F3F /* Resources */,
			);
			buildRules = (
			);
			dependencies = (
				B755ED5A2B52899F00499F3F /* PBXTargetDependency */,
			);
			name = TodoAppWithRestApiUITests;
			productName = TodoAppWithRestApiUITests;
			productReference = B755ED582B52899F00499F3F /* TodoAppWithRestApiUITests.xctest */;
			productType = "com.apple.product-type.bundle.ui-testing";
		};
/* End PBXNativeTarget section */

/* Begin PBXProject section */
		B755ED302B52899D00499F3F /* Project object */ = {
			isa = PBXProject;
			attributes = {
				BuildIndependentTargetsInParallel = 1;
				LastSwiftUpdateCheck = 1520;
				LastUpgradeCheck = 1520;
				TargetAttributes = {
					B755ED372B52899D00499F3F = {
						CreatedOnToolsVersion = 15.2;
					};
					B755ED4D2B52899F00499F3F = {
						CreatedOnToolsVersion = 15.2;
						TestTargetID = B755ED372B52899D00499F3F;
					};
					B755ED572B52899F00499F3F = {
						CreatedOnToolsVersion = 15.2;
						TestTargetID = B755ED372B52899D00499F3F;
					};
				};
			};
			buildConfigurationList = B755ED332B52899D00499F3F /* Build configuration list for PBXProject "TodoAppWithRestApi" */;
			compatibilityVersion = "Xcode 14.0";
			developmentRegion = en;
			hasScannedForEncodings = 0;
			knownRegions = (
				en,
				Base,
			);
			mainGroup = B755ED2F2B52899D00499F3F;
			packageReferences = (
				B7AA070F2B565C27000EBE86 /* XCRemoteSwiftPackageReference "MultipartForm" */,
			);
			productRefGroup = B755ED392B52899D00499F3F /* Products */;
			projectDirPath = "";
			projectRoot = "";
			targets = (
				B755ED372B52899D00499F3F /* TodoAppWithRestApi */,
				B755ED4D2B52899F00499F3F /* TodoAppWithRestApiTests */,
				B755ED572B52899F00499F3F /* TodoAppWithRestApiUITests */,
			);
		};
/* End PBXProject section */

/* Begin PBXResourcesBuildPhase section */
		B755ED362B52899D00499F3F /* Resources */ = {
			isa = PBXResourcesBuildPhase;
			buildActionMask = 2147483647;
			files = (
				B755ED482B52899F00499F3F /* LaunchScreen.storyboard in Resources */,
				B755ED452B52899F00499F3F /* Assets.xcassets in Resources */,
				B755ED432B52899D00499F3F /* MainVC.storyboard in Resources */,
				B755ED6C2B52924600499F3F /* TodoCell.xib in Resources */,
			);
			runOnlyForDeploymentPostprocessing = 0;
		};
		B755ED4C2B52899F00499F3F /* Resources */ = {
			isa = PBXResourcesBuildPhase;
			buildActionMask = 2147483647;
			files = (
			);
			runOnlyForDeploymentPostprocessing = 0;
		};
		B755ED562B52899F00499F3F /* Resources */ = {
			isa = PBXResourcesBuildPhase;
			buildActionMask = 2147483647;
			files = (
			);
			runOnlyForDeploymentPostprocessing = 0;
		};
/* End PBXResourcesBuildPhase section */

/* Begin PBXSourcesBuildPhase section */
		B755ED342B52899D00499F3F /* Sources */ = {
			isa = PBXSourcesBuildPhase;
			buildActionMask = 2147483647;
			files = (
				B755ED402B52899D00499F3F /* MainVC.swift in Sources */,
				B755ED3C2B52899D00499F3F /* AppDelegate.swift in Sources */,
				B755ED712B52D89900499F3F /* TodosAPI.swift in Sources */,
				B755ED762B53E52E00499F3F /* TodosResponse.swift in Sources */,
				B755ED3E2B52899D00499F3F /* SceneDelegate.swift in Sources */,
				B755ED792B558BC900499F3F /* URL+Ext.swift in Sources */,
				B755ED732B52DC7200499F3F /* TodosVM.swift in Sources */,
				B7AA07132B56BA0D000EBE86 /* URLRequest+Ext.swift in Sources */,
				B755ED6E2B52967900499F3F /* TodoCell.swift in Sources */,
			);
			runOnlyForDeploymentPostprocessing = 0;
		};
		B755ED4A2B52899F00499F3F /* Sources */ = {
			isa = PBXSourcesBuildPhase;
			buildActionMask = 2147483647;
			files = (
				B755ED532B52899F00499F3F /* TodoAppWithRestApiTests.swift in Sources */,
			);
			runOnlyForDeploymentPostprocessing = 0;
		};
		B755ED542B52899F00499F3F /* Sources */ = {
			isa = PBXSourcesBuildPhase;
			buildActionMask = 2147483647;
			files = (
				B755ED5D2B52899F00499F3F /* TodoAppWithRestApiUITests.swift in Sources */,
				B755ED5F2B52899F00499F3F /* TodoAppWithRestApiUITestsLaunchTests.swift in Sources */,
			);
			runOnlyForDeploymentPostprocessing = 0;
		};
/* End PBXSourcesBuildPhase section */

/* Begin PBXTargetDependency section */
		B755ED502B52899F00499F3F /* PBXTargetDependency */ = {
			isa = PBXTargetDependency;
			target = B755ED372B52899D00499F3F /* TodoAppWithRestApi */;
			targetProxy = B755ED4F2B52899F00499F3F /* PBXContainerItemProxy */;
		};
		B755ED5A2B52899F00499F3F /* PBXTargetDependency */ = {
			isa = PBXTargetDependency;
			target = B755ED372B52899D00499F3F /* TodoAppWithRestApi */;
			targetProxy = B755ED592B52899F00499F3F /* PBXContainerItemProxy */;
		};
/* End PBXTargetDependency section */

/* Begin PBXVariantGroup section */
		B755ED412B52899D00499F3F /* MainVC.storyboard */ = {
			isa = PBXVariantGroup;
			children = (
				B755ED422B52899D00499F3F /* Base */,
			);
			name = MainVC.storyboard;
			sourceTree = "<group>";
		};
		B755ED462B52899F00499F3F /* LaunchScreen.storyboard */ = {
			isa = PBXVariantGroup;
			children = (
				B755ED472B52899F00499F3F /* Base */,
			);
			name = LaunchScreen.storyboard;
			sourceTree = "<group>";
		};
/* End PBXVariantGroup section */

/* Begin XCBuildConfiguration section */
		B755ED602B52899F00499F3F /* Debug */ = {
			isa = XCBuildConfiguration;
			buildSettings = {
				ALWAYS_SEARCH_USER_PATHS = NO;
				ASSETCATALOG_COMPILER_GENERATE_SWIFT_ASSET_SYMBOL_EXTENSIONS = YES;
				CLANG_ANALYZER_NONNULL = YES;
				CLANG_ANALYZER_NUMBER_OBJECT_CONVERSION = YES_AGGRESSIVE;
				CLANG_CXX_LANGUAGE_STANDARD = "gnu++20";
				CLANG_ENABLE_MODULES = YES;
				CLANG_ENABLE_OBJC_ARC = YES;
				CLANG_ENABLE_OBJC_WEAK = YES;
				CLANG_WARN_BLOCK_CAPTURE_AUTORELEASING = YES;
				CLANG_WARN_BOOL_CONVERSION = YES;
				CLANG_WARN_COMMA = YES;
				CLANG_WARN_CONSTANT_CONVERSION = YES;
				CLANG_WARN_DEPRECATED_OBJC_IMPLEMENTATIONS = YES;
				CLANG_WARN_DIRECT_OBJC_ISA_USAGE = YES_ERROR;
				CLANG_WARN_DOCUMENTATION_COMMENTS = YES;
				CLANG_WARN_EMPTY_BODY = YES;
				CLANG_WARN_ENUM_CONVERSION = YES;
				CLANG_WARN_INFINITE_RECURSION = YES;
				CLANG_WARN_INT_CONVERSION = YES;
				CLANG_WARN_NON_LITERAL_NULL_CONVERSION = YES;
				CLANG_WARN_OBJC_IMPLICIT_RETAIN_SELF = YES;
				CLANG_WARN_OBJC_LITERAL_CONVERSION = YES;
				CLANG_WARN_OBJC_ROOT_CLASS = YES_ERROR;
				CLANG_WARN_QUOTED_INCLUDE_IN_FRAMEWORK_HEADER = YES;
				CLANG_WARN_RANGE_LOOP_ANALYSIS = YES;
				CLANG_WARN_STRICT_PROTOTYPES = YES;
				CLANG_WARN_SUSPICIOUS_MOVE = YES;
				CLANG_WARN_UNGUARDED_AVAILABILITY = YES_AGGRESSIVE;
				CLANG_WARN_UNREACHABLE_CODE = YES;
				CLANG_WARN__DUPLICATE_METHOD_MATCH = YES;
				COPY_PHASE_STRIP = NO;
				DEBUG_INFORMATION_FORMAT = dwarf;
				ENABLE_STRICT_OBJC_MSGSEND = YES;
				ENABLE_TESTABILITY = YES;
				ENABLE_USER_SCRIPT_SANDBOXING = YES;
				GCC_C_LANGUAGE_STANDARD = gnu17;
				GCC_DYNAMIC_NO_PIC = NO;
				GCC_NO_COMMON_BLOCKS = YES;
				GCC_OPTIMIZATION_LEVEL = 0;
				GCC_PREPROCESSOR_DEFINITIONS = (
					"DEBUG=1",
					"$(inherited)",
				);
				GCC_WARN_64_TO_32_BIT_CONVERSION = YES;
				GCC_WARN_ABOUT_RETURN_TYPE = YES_ERROR;
				GCC_WARN_UNDECLARED_SELECTOR = YES;
				GCC_WARN_UNINITIALIZED_AUTOS = YES_AGGRESSIVE;
				GCC_WARN_UNUSED_FUNCTION = YES;
				GCC_WARN_UNUSED_VARIABLE = YES;
				IPHONEOS_DEPLOYMENT_TARGET = 17.2;
				LOCALIZATION_PREFERS_STRING_CATALOGS = YES;
				MTL_ENABLE_DEBUG_INFO = INCLUDE_SOURCE;
				MTL_FAST_MATH = YES;
				ONLY_ACTIVE_ARCH = YES;
				SDKROOT = iphoneos;
				SWIFT_ACTIVE_COMPILATION_CONDITIONS = "DEBUG $(inherited)";
				SWIFT_OPTIMIZATION_LEVEL = "-Onone";
			};
			name = Debug;
		};
		B755ED612B52899F00499F3F /* Release */ = {
			isa = XCBuildConfiguration;
			buildSettings = {
				ALWAYS_SEARCH_USER_PATHS = NO;
				ASSETCATALOG_COMPILER_GENERATE_SWIFT_ASSET_SYMBOL_EXTENSIONS = YES;
				CLANG_ANALYZER_NONNULL = YES;
				CLANG_ANALYZER_NUMBER_OBJECT_CONVERSION = YES_AGGRESSIVE;
				CLANG_CXX_LANGUAGE_STANDARD = "gnu++20";
				CLANG_ENABLE_MODULES = YES;
				CLANG_ENABLE_OBJC_ARC = YES;
				CLANG_ENABLE_OBJC_WEAK = YES;
				CLANG_WARN_BLOCK_CAPTURE_AUTORELEASING = YES;
				CLANG_WARN_BOOL_CONVERSION = YES;
				CLANG_WARN_COMMA = YES;
				CLANG_WARN_CONSTANT_CONVERSION = YES;
				CLANG_WARN_DEPRECATED_OBJC_IMPLEMENTATIONS = YES;
				CLANG_WARN_DIRECT_OBJC_ISA_USAGE = YES_ERROR;
				CLANG_WARN_DOCUMENTATION_COMMENTS = YES;
				CLANG_WARN_EMPTY_BODY = YES;
				CLANG_WARN_ENUM_CONVERSION = YES;
				CLANG_WARN_INFINITE_RECURSION = YES;
				CLANG_WARN_INT_CONVERSION = YES;
				CLANG_WARN_NON_LITERAL_NULL_CONVERSION = YES;
				CLANG_WARN_OBJC_IMPLICIT_RETAIN_SELF = YES;
				CLANG_WARN_OBJC_LITERAL_CONVERSION = YES;
				CLANG_WARN_OBJC_ROOT_CLASS = YES_ERROR;
				CLANG_WARN_QUOTED_INCLUDE_IN_FRAMEWORK_HEADER = YES;
				CLANG_WARN_RANGE_LOOP_ANALYSIS = YES;
				CLANG_WARN_STRICT_PROTOTYPES = YES;
				CLANG_WARN_SUSPICIOUS_MOVE = YES;
				CLANG_WARN_UNGUARDED_AVAILABILITY = YES_AGGRESSIVE;
				CLANG_WARN_UNREACHABLE_CODE = YES;
				CLANG_WARN__DUPLICATE_METHOD_MATCH = YES;
				COPY_PHASE_STRIP = NO;
				DEBUG_INFORMATION_FORMAT = "dwarf-with-dsym";
				ENABLE_NS_ASSERTIONS = NO;
				ENABLE_STRICT_OBJC_MSGSEND = YES;
				ENABLE_USER_SCRIPT_SANDBOXING = YES;
				GCC_C_LANGUAGE_STANDARD = gnu17;
				GCC_NO_COMMON_BLOCKS = YES;
				GCC_WARN_64_TO_32_BIT_CONVERSION = YES;
				GCC_WARN_ABOUT_RETURN_TYPE = YES_ERROR;
				GCC_WARN_UNDECLARED_SELECTOR = YES;
				GCC_WARN_UNINITIALIZED_AUTOS = YES_AGGRESSIVE;
				GCC_WARN_UNUSED_FUNCTION = YES;
				GCC_WARN_UNUSED_VARIABLE = YES;
				IPHONEOS_DEPLOYMENT_TARGET = 17.2;
				LOCALIZATION_PREFERS_STRING_CATALOGS = YES;
				MTL_ENABLE_DEBUG_INFO = NO;
				MTL_FAST_MATH = YES;
				SDKROOT = iphoneos;
				SWIFT_COMPILATION_MODE = wholemodule;
				VALIDATE_PRODUCT = YES;
			};
			name = Release;
		};
		B755ED632B52899F00499F3F /* Debug */ = {
			isa = XCBuildConfiguration;
			buildSettings = {
				ASSETCATALOG_COMPILER_APPICON_NAME = AppIcon;
				ASSETCATALOG_COMPILER_GLOBAL_ACCENT_COLOR_NAME = AccentColor;
				CODE_SIGN_STYLE = Automatic;
				CURRENT_PROJECT_VERSION = 1;
				DEVELOPMENT_TEAM = PVM8V4TM62;
				GENERATE_INFOPLIST_FILE = YES;
				INFOPLIST_FILE = TodoAppWithRestApi/Info.plist;
				INFOPLIST_KEY_UIApplicationSupportsIndirectInputEvents = YES;
				INFOPLIST_KEY_UILaunchStoryboardName = LaunchScreen;
				INFOPLIST_KEY_UIMainStoryboardFile = MainVC;
				INFOPLIST_KEY_UISupportedInterfaceOrientations_iPad = "UIInterfaceOrientationPortrait UIInterfaceOrientationPortraitUpsideDown UIInterfaceOrientationLandscapeLeft UIInterfaceOrientationLandscapeRight";
				INFOPLIST_KEY_UISupportedInterfaceOrientations_iPhone = "UIInterfaceOrientationPortrait UIInterfaceOrientationLandscapeLeft UIInterfaceOrientationLandscapeRight";
				LD_RUNPATH_SEARCH_PATHS = (
					"$(inherited)",
					"@executable_path/Frameworks",
				);
				MARKETING_VERSION = 1.0;
				PRODUCT_BUNDLE_IDENTIFIER = dhui.TodoAppWithRestApi;
				PRODUCT_NAME = "$(TARGET_NAME)";
				SWIFT_EMIT_LOC_STRINGS = YES;
				SWIFT_VERSION = 5.0;
				TARGETED_DEVICE_FAMILY = "1,2";
			};
			name = Debug;
		};
		B755ED642B52899F00499F3F /* Release */ = {
			isa = XCBuildConfiguration;
			buildSettings = {
				ASSETCATALOG_COMPILER_APPICON_NAME = AppIcon;
				ASSETCATALOG_COMPILER_GLOBAL_ACCENT_COLOR_NAME = AccentColor;
				CODE_SIGN_STYLE = Automatic;
				CURRENT_PROJECT_VERSION = 1;
				DEVELOPMENT_TEAM = PVM8V4TM62;
				GENERATE_INFOPLIST_FILE = YES;
				INFOPLIST_FILE = TodoAppWithRestApi/Info.plist;
				INFOPLIST_KEY_UIApplicationSupportsIndirectInputEvents = YES;
				INFOPLIST_KEY_UILaunchStoryboardName = LaunchScreen;
				INFOPLIST_KEY_UIMainStoryboardFile = MainVC;
				INFOPLIST_KEY_UISupportedInterfaceOrientations_iPad = "UIInterfaceOrientationPortrait UIInterfaceOrientationPortraitUpsideDown UIInterfaceOrientationLandscapeLeft UIInterfaceOrientationLandscapeRight";
				INFOPLIST_KEY_UISupportedInterfaceOrientations_iPhone = "UIInterfaceOrientationPortrait UIInterfaceOrientationLandscapeLeft UIInterfaceOrientationLandscapeRight";
				LD_RUNPATH_SEARCH_PATHS = (
					"$(inherited)",
					"@executable_path/Frameworks",
				);
				MARKETING_VERSION = 1.0;
				PRODUCT_BUNDLE_IDENTIFIER = dhui.TodoAppWithRestApi;
				PRODUCT_NAME = "$(TARGET_NAME)";
				SWIFT_EMIT_LOC_STRINGS = YES;
				SWIFT_VERSION = 5.0;
				TARGETED_DEVICE_FAMILY = "1,2";
			};
			name = Release;
		};
		B755ED662B52899F00499F3F /* Debug */ = {
			isa = XCBuildConfiguration;
			buildSettings = {
				ALWAYS_EMBED_SWIFT_STANDARD_LIBRARIES = YES;
				BUNDLE_LOADER = "$(TEST_HOST)";
				CODE_SIGN_STYLE = Automatic;
				CURRENT_PROJECT_VERSION = 1;
				DEVELOPMENT_TEAM = PVM8V4TM62;
				GENERATE_INFOPLIST_FILE = YES;
				IPHONEOS_DEPLOYMENT_TARGET = 17.2;
				MARKETING_VERSION = 1.0;
				PRODUCT_BUNDLE_IDENTIFIER = dhui.TodoAppWithRestApiTests;
				PRODUCT_NAME = "$(TARGET_NAME)";
				SWIFT_EMIT_LOC_STRINGS = NO;
				SWIFT_VERSION = 5.0;
				TARGETED_DEVICE_FAMILY = "1,2";
				TEST_HOST = "$(BUILT_PRODUCTS_DIR)/TodoAppWithRestApi.app/$(BUNDLE_EXECUTABLE_FOLDER_PATH)/TodoAppWithRestApi";
			};
			name = Debug;
		};
		B755ED672B52899F00499F3F /* Release */ = {
			isa = XCBuildConfiguration;
			buildSettings = {
				ALWAYS_EMBED_SWIFT_STANDARD_LIBRARIES = YES;
				BUNDLE_LOADER = "$(TEST_HOST)";
				CODE_SIGN_STYLE = Automatic;
				CURRENT_PROJECT_VERSION = 1;
				DEVELOPMENT_TEAM = PVM8V4TM62;
				GENERATE_INFOPLIST_FILE = YES;
				IPHONEOS_DEPLOYMENT_TARGET = 17.2;
				MARKETING_VERSION = 1.0;
				PRODUCT_BUNDLE_IDENTIFIER = dhui.TodoAppWithRestApiTests;
				PRODUCT_NAME = "$(TARGET_NAME)";
				SWIFT_EMIT_LOC_STRINGS = NO;
				SWIFT_VERSION = 5.0;
				TARGETED_DEVICE_FAMILY = "1,2";
				TEST_HOST = "$(BUILT_PRODUCTS_DIR)/TodoAppWithRestApi.app/$(BUNDLE_EXECUTABLE_FOLDER_PATH)/TodoAppWithRestApi";
			};
			name = Release;
		};
		B755ED692B52899F00499F3F /* Debug */ = {
			isa = XCBuildConfiguration;
			buildSettings = {
				ALWAYS_EMBED_SWIFT_STANDARD_LIBRARIES = YES;
				CODE_SIGN_STYLE = Automatic;
				CURRENT_PROJECT_VERSION = 1;
				DEVELOPMENT_TEAM = PVM8V4TM62;
				GENERATE_INFOPLIST_FILE = YES;
				MARKETING_VERSION = 1.0;
				PRODUCT_BUNDLE_IDENTIFIER = dhui.TodoAppWithRestApiUITests;
				PRODUCT_NAME = "$(TARGET_NAME)";
				SWIFT_EMIT_LOC_STRINGS = NO;
				SWIFT_VERSION = 5.0;
				TARGETED_DEVICE_FAMILY = "1,2";
				TEST_TARGET_NAME = TodoAppWithRestApi;
			};
			name = Debug;
		};
		B755ED6A2B52899F00499F3F /* Release */ = {
			isa = XCBuildConfiguration;
			buildSettings = {
				ALWAYS_EMBED_SWIFT_STANDARD_LIBRARIES = YES;
				CODE_SIGN_STYLE = Automatic;
				CURRENT_PROJECT_VERSION = 1;
				DEVELOPMENT_TEAM = PVM8V4TM62;
				GENERATE_INFOPLIST_FILE = YES;
				MARKETING_VERSION = 1.0;
				PRODUCT_BUNDLE_IDENTIFIER = dhui.TodoAppWithRestApiUITests;
				PRODUCT_NAME = "$(TARGET_NAME)";
				SWIFT_EMIT_LOC_STRINGS = NO;
				SWIFT_VERSION = 5.0;
				TARGETED_DEVICE_FAMILY = "1,2";
				TEST_TARGET_NAME = TodoAppWithRestApi;
			};
			name = Release;
		};
/* End XCBuildConfiguration section */

/* Begin XCConfigurationList section */
		B755ED332B52899D00499F3F /* Build configuration list for PBXProject "TodoAppWithRestApi" */ = {
			isa = XCConfigurationList;
			buildConfigurations = (
				B755ED602B52899F00499F3F /* Debug */,
				B755ED612B52899F00499F3F /* Release */,
			);
			defaultConfigurationIsVisible = 0;
			defaultConfigurationName = Release;
		};
		B755ED622B52899F00499F3F /* Build configuration list for PBXNativeTarget "TodoAppWithRestApi" */ = {
			isa = XCConfigurationList;
			buildConfigurations = (
				B755ED632B52899F00499F3F /* Debug */,
				B755ED642B52899F00499F3F /* Release */,
			);
			defaultConfigurationIsVisible = 0;
			defaultConfigurationName = Release;
		};
		B755ED652B52899F00499F3F /* Build configuration list for PBXNativeTarget "TodoAppWithRestApiTests" */ = {
			isa = XCConfigurationList;
			buildConfigurations = (
				B755ED662B52899F00499F3F /* Debug */,
				B755ED672B52899F00499F3F /* Release */,
			);
			defaultConfigurationIsVisible = 0;
			defaultConfigurationName = Release;
		};
		B755ED682B52899F00499F3F /* Build configuration list for PBXNativeTarget "TodoAppWithRestApiUITests" */ = {
			isa = XCConfigurationList;
			buildConfigurations = (
				B755ED692B52899F00499F3F /* Debug */,
				B755ED6A2B52899F00499F3F /* Release */,
			);
			defaultConfigurationIsVisible = 0;
			defaultConfigurationName = Release;
		};
/* End XCConfigurationList section */

/* Begin XCRemoteSwiftPackageReference section */
		B7AA070F2B565C27000EBE86 /* XCRemoteSwiftPackageReference "MultipartForm" */ = {
			isa = XCRemoteSwiftPackageReference;
			repositoryURL = "https://github.com/davbeck/MultipartForm";
			requirement = {
				kind = upToNextMajorVersion;
				minimumVersion = 0.1.0;
			};
		};
/* End XCRemoteSwiftPackageReference section */

/* Begin XCSwiftPackageProductDependency section */
		B7AA07102B565C27000EBE86 /* MultipartForm */ = {
			isa = XCSwiftPackageProductDependency;
			package = B7AA070F2B565C27000EBE86 /* XCRemoteSwiftPackageReference "MultipartForm" */;
			productName = MultipartForm;
		};
/* End XCSwiftPackageProductDependency section */
	};
	rootObject = B755ED302B52899D00499F3F /* Project object */;
}
